
Microsoft Visual Studio Solution File, Format Version 12.00
# Visual Studio Version 17
VisualStudioVersion = 17.0.32014.148
MinimumVisualStudioVersion = 10.0.40219.1
Project("{FAE04EC0-301F-11D3-BF4B-00C04F79EFBC}") = "ASPCoreREST", "ASPCoreREST\ASPCoreREST.csproj", "{76CA86F4-3495-4CDF-80A4-90AEC55AFC47}"
EndProject
Global
	GlobalSection(SolutionConfigurationPlatforms) = preSolution
		Debug|Any CPU = Debug|Any CPU
		Release|Any CPU = Release|Any CPU
	EndGlobalSection
	GlobalSection(ProjectConfigurationPlatforms) = postSolution
		{76CA86F4-3495-4CDF-80A4-90AEC55AFC47}.Debug|Any CPU.ActiveCfg = Debug|Any CPU
		{76CA86F4-3495-4CDF-80A4-90AEC55AFC47}.Debug|Any CPU.Build.0 = Debug|Any CPU
		{76CA86F4-3495-4CDF-80A4-90AEC55AFC47}.Release|Any CPU.ActiveCfg = Release|Any CPU
		{76CA86F4-3495-4CDF-80A4-90AEC55AFC47}.Release|Any CPU.Build.0 = Release|Any CPU
	EndGlobalSection
	GlobalSection(SolutionProperties) = preSolution
		HideSolutionNode = FALSE
	EndGlobalSection
	GlobalSection(ExtensibilityGlobals) = postSolution
		SolutionGuid = {F1F1F541-EC3D-47B2-B794-916BE674CC59}
	EndGlobalSection
EndGlobal
